
Microsoft Visual Studio Solution File, Format Version 12.00
# Visual Studio Version 16
VisualStudioVersion = 16.0.31025.194
MinimumVisualStudioVersion = 10.0.40219.1
Project("{FAE04EC0-301F-11D3-BF4B-00C04F79EFBC}") = "ColorPicker", "ColorPicker\ColorPicker.csproj", "{AAA12882-A9BF-413F-99B1-DF0B35F67827}"
EndProject
Global
	GlobalSection(SolutionConfigurationPlatforms) = preSolution
		Debug|Any CPU = Debug|Any CPU
		Release|Any CPU = Release|Any CPU
	EndGlobalSection
	GlobalSection(ProjectConfigurationPlatforms) = postSolution
		{AAA12882-A9BF-413F-99B1-DF0B35F67827}.Debug|Any CPU.ActiveCfg = Debug|Any CPU
		{AAA12882-A9BF-413F-99B1-DF0B35F67827}.Debug|Any CPU.Build.0 = Debug|Any CPU
		{AAA12882-A9BF-413F-99B1-DF0B35F67827}.Release|Any CPU.ActiveCfg = Release|Any CPU
		{AAA12882-A9BF-413F-99B1-DF0B35F67827}.Release|Any CPU.Build.0 = Release|Any CPU
	EndGlobalSection
	GlobalSection(SolutionProperties) = preSolution
		HideSolutionNode = FALSE
	EndGlobalSection
	GlobalSection(ExtensibilityGlobals) = postSolution
		SolutionGuid = {4461888C-32E0-48A4-89C5-DE2DA153EBE2}
	EndGlobalSection
EndGlobal
